
Microsoft Visual Studio Solution File, Format Version 12.00
# Visual Studio Version 16
VisualStudioVersion = 16.0.29123.89
MinimumVisualStudioVersion = 10.0.40219.1
Project("{FAE04EC0-301F-11D3-BF4B-00C04F79EFBC}") = "ConsoleApp1", "ConsoleApp1\ConsoleApp1.csproj", "{9C1A0E22-E60B-43C9-B56B-44A2CAEF6691}"
EndProject
Global
	GlobalSection(SolutionConfigurationPlatforms) = preSolution
		Debug|Any CPU = Debug|Any CPU
		Release|Any CPU = Release|Any CPU
	EndGlobalSection
	GlobalSection(ProjectConfigurationPlatforms) = postSolution
		{9C1A0E22-E60B-43C9-B56B-44A2CAEF6691}.Debug|Any CPU.ActiveCfg = Debug|Any CPU
		{9C1A0E22-E60B-43C9-B56B-44A2CAEF6691}.Debug|Any CPU.Build.0 = Debug|Any CPU
		{9C1A0E22-E60B-43C9-B56B-44A2CAEF6691}.Release|Any CPU.ActiveCfg = Release|Any CPU
		{9C1A0E22-E60B-43C9-B56B-44A2CAEF6691}.Release|Any CPU.Build.0 = Release|Any CPU
	EndGlobalSection
	GlobalSection(SolutionProperties) = preSolution
		HideSolutionNode = FALSE
	EndGlobalSection
	GlobalSection(ExtensibilityGlobals) = postSolution
		SolutionGuid = {28CB31A2-113B-4CAD-B9AD-04AB708599CD}
	EndGlobalSection
EndGlobal
